// !$*UTF8*$!
{
	archiveVersion = 1;
	classes = {
	};
	objectVersion = 50;
	objects = {

/* Begin PBXBuildFile section */
		FF04626225E717DD00DC8749 /* NothingFoundCell.xib in Resources */ = {isa = PBXBuildFile; fileRef = FF04626425E717DD00DC8749 /* NothingFoundCell.xib */; };
		FF04626825E71A4D00DC8749 /* LoadingCell.xib in Resources */ = {isa = PBXBuildFile; fileRef = FF04626A25E71A4D00DC8749 /* LoadingCell.xib */; };
		FF04627225E71B9A00DC8749 /* SearchResultCell.xib in Resources */ = {isa = PBXBuildFile; fileRef = FF04627425E71B9A00DC8749 /* SearchResultCell.xib */; };
		FF04627925E71DCD00DC8749 /* Localizable.strings in Resources */ = {isa = PBXBuildFile; fileRef = FF04627B25E71DCD00DC8749 /* Localizable.strings */; };
		FF0CA16725DF355800FF160A /* UIImageView+DownloadImage.swift in Sources */ = {isa = PBXBuildFile; fileRef = FF0CA16625DF355800FF160A /* UIImageView+DownloadImage.swift */; };
		FF2DA9D025E994950033AA26 /* InfoPlist.strings in Resources */ = {isa = PBXBuildFile; fileRef = FF2DA9D225E994950033AA26 /* InfoPlist.strings */; };
		FFA467F425E451D200A1A0A9 /* DetailViewController.swift in Sources */ = {isa = PBXBuildFile; fileRef = FFA467F325E451D200A1A0A9 /* DetailViewController.swift */; };
		FFA467F725E4576100A1A0A9 /* DimmingPresentationController.swift in Sources */ = {isa = PBXBuildFile; fileRef = FFA467F625E4576100A1A0A9 /* DimmingPresentationController.swift */; };
		FFA467FB25E46BF700A1A0A9 /* GradientView.swift in Sources */ = {isa = PBXBuildFile; fileRef = FFA467FA25E46BF700A1A0A9 /* GradientView.swift */; };
		FFA467FE25E46DAC00A1A0A9 /* BounceAnimationController.swift in Sources */ = {isa = PBXBuildFile; fileRef = FFA467FD25E46DAC00A1A0A9 /* BounceAnimationController.swift */; };
		FFA4680425E472EE00A1A0A9 /* SlideOutAnimationController.swift in Sources */ = {isa = PBXBuildFile; fileRef = FFA4680325E472EE00A1A0A9 /* SlideOutAnimationController.swift */; };
		FFA4680825E474F700A1A0A9 /* LandscapeViewController.swift in Sources */ = {isa = PBXBuildFile; fileRef = FFA4680725E474F700A1A0A9 /* LandscapeViewController.swift */; };
		FFA5743325DDA8FA00F557D6 /* SearchResult.swift in Sources */ = {isa = PBXBuildFile; fileRef = FFA5743225DDA8FA00F557D6 /* SearchResult.swift */; };
		FFA5743725DDC09200F557D6 /* SearchResultCell.swift in Sources */ = {isa = PBXBuildFile; fileRef = FFA5743625DDC09200F557D6 /* SearchResultCell.swift */; };
		FFCAB9D125E5A3D800CE5870 /* FadeOutAnimationController.swift in Sources */ = {isa = PBXBuildFile; fileRef = FFCAB9D025E5A3D800CE5870 /* FadeOutAnimationController.swift */; };
		FFCAB9D525E5C82400CE5870 /* Search.swift in Sources */ = {isa = PBXBuildFile; fileRef = FFCAB9D425E5C82300CE5870 /* Search.swift */; };
		FFF751AB25DC828A006B1DF2 /* AppDelegate.swift in Sources */ = {isa = PBXBuildFile; fileRef = FFF751AA25DC828A006B1DF2 /* AppDelegate.swift */; };
		FFF751AD25DC828A006B1DF2 /* SceneDelegate.swift in Sources */ = {isa = PBXBuildFile; fileRef = FFF751AC25DC828A006B1DF2 /* SceneDelegate.swift */; };
		FFF751AF25DC828A006B1DF2 /* SearchViewController.swift in Sources */ = {isa = PBXBuildFile; fileRef = FFF751AE25DC828A006B1DF2 /* SearchViewController.swift */; };
		FFF751B225DC828A006B1DF2 /* Main.storyboard in Resources */ = {isa = PBXBuildFile; fileRef = FFF751B025DC828A006B1DF2 /* Main.storyboard */; };
		FFF751B425DC828C006B1DF2 /* Assets.xcassets in Resources */ = {isa = PBXBuildFile; fileRef = FFF751B325DC828C006B1DF2 /* Assets.xcassets */; };
/* End PBXBuildFile section */

/* Begin PBXFileReference section */
		FF04626325E717DD00DC8749 /* en */ = {isa = PBXFileReference; lastKnownFileType = file.xib; name = en; path = en.lproj/NothingFoundCell.xib; sourceTree = "<group>"; };
		FF04626625E7188C00DC8749 /* nl */ = {isa = PBXFileReference; lastKnownFileType = file.xib; name = nl; path = nl.lproj/NothingFoundCell.xib; sourceTree = "<group>"; };
		FF04626925E71A4D00DC8749 /* Base */ = {isa = PBXFileReference; lastKnownFileType = file.xib; name = Base; path = Base.lproj/LoadingCell.xib; sourceTree = "<group>"; };
		FF04626D25E71A7A00DC8749 /* nl */ = {isa = PBXFileReference; lastKnownFileType = text.plist.strings; name = nl; path = nl.lproj/LoadingCell.strings; sourceTree = "<group>"; };
		FF04627025E71AD100DC8749 /* nl */ = {isa = PBXFileReference; lastKnownFileType = text.plist.strings; name = nl; path = nl.lproj/Main.strings; sourceTree = "<group>"; };
		FF04627325E71B9A00DC8749 /* Base */ = {isa = PBXFileReference; lastKnownFileType = file.xib; name = Base; path = Base.lproj/SearchResultCell.xib; sourceTree = "<group>"; };
		FF04627A25E71DCD00DC8749 /* en */ = {isa = PBXFileReference; lastKnownFileType = text.plist.strings; name = en; path = en.lproj/Localizable.strings; sourceTree = "<group>"; };
		FF04627D25E72B2300DC8749 /* nl */ = {isa = PBXFileReference; lastKnownFileType = text.plist.strings; name = nl; path = nl.lproj/Localizable.strings; sourceTree = "<group>"; };
		FF0CA16625DF355800FF160A /* UIImageView+DownloadImage.swift */ = {isa = PBXFileReference; lastKnownFileType = sourcecode.swift; path = "UIImageView+DownloadImage.swift"; sourceTree = "<group>"; };
		FF2DA9D125E994950033AA26 /* en */ = {isa = PBXFileReference; lastKnownFileType = text.plist.strings; name = en; path = en.lproj/InfoPlist.strings; sourceTree = "<group>"; };
		FF2DA9D425E994990033AA26 /* nl */ = {isa = PBXFileReference; lastKnownFileType = text.plist.strings; name = nl; path = nl.lproj/InfoPlist.strings; sourceTree = "<group>"; };
		FFA467F325E451D200A1A0A9 /* DetailViewController.swift */ = {isa = PBXFileReference; lastKnownFileType = sourcecode.swift; path = DetailViewController.swift; sourceTree = "<group>"; };
		FFA467F625E4576100A1A0A9 /* DimmingPresentationController.swift */ = {isa = PBXFileReference; lastKnownFileType = sourcecode.swift; path = DimmingPresentationController.swift; sourceTree = "<group>"; };
		FFA467FA25E46BF700A1A0A9 /* GradientView.swift */ = {isa = PBXFileReference; lastKnownFileType = sourcecode.swift; path = GradientView.swift; sourceTree = "<group>"; };
		FFA467FD25E46DAC00A1A0A9 /* BounceAnimationController.swift */ = {isa = PBXFileReference; lastKnownFileType = sourcecode.swift; path = BounceAnimationController.swift; sourceTree = "<group>"; };
		FFA4680325E472EE00A1A0A9 /* SlideOutAnimationController.swift */ = {isa = PBXFileReference; lastKnownFileType = sourcecode.swift; path = SlideOutAnimationController.swift; sourceTree = "<group>"; };
		FFA4680725E474F700A1A0A9 /* LandscapeViewController.swift */ = {isa = PBXFileReference; lastKnownFileType = sourcecode.swift; path = LandscapeViewController.swift; sourceTree = "<group>"; };
		FFA5743225DDA8FA00F557D6 /* SearchResult.swift */ = {isa = PBXFileReference; lastKnownFileType = sourcecode.swift; path = SearchResult.swift; sourceTree = "<group>"; };
		FFA5743625DDC09200F557D6 /* SearchResultCell.swift */ = {isa = PBXFileReference; lastKnownFileType = sourcecode.swift; path = SearchResultCell.swift; sourceTree = "<group>"; };
		FFCAB9D025E5A3D800CE5870 /* FadeOutAnimationController.swift */ = {isa = PBXFileReference; lastKnownFileType = sourcecode.swift; path = FadeOutAnimationController.swift; sourceTree = "<group>"; };
		FFCAB9D425E5C82300CE5870 /* Search.swift */ = {isa = PBXFileReference; lastKnownFileType = sourcecode.swift; path = Search.swift; sourceTree = "<group>"; };
		FFF751A725DC828A006B1DF2 /* StoreSearch.app */ = {isa = PBXFileReference; explicitFileType = wrapper.application; includeInIndex = 0; path = StoreSearch.app; sourceTree = BUILT_PRODUCTS_DIR; };
		FFF751AA25DC828A006B1DF2 /* AppDelegate.swift */ = {isa = PBXFileReference; lastKnownFileType = sourcecode.swift; path = AppDelegate.swift; sourceTree = "<group>"; };
		FFF751AC25DC828A006B1DF2 /* SceneDelegate.swift */ = {isa = PBXFileReference; lastKnownFileType = sourcecode.swift; path = SceneDelegate.swift; sourceTree = "<group>"; };
		FFF751AE25DC828A006B1DF2 /* SearchViewController.swift */ = {isa = PBXFileReference; lastKnownFileType = sourcecode.swift; path = SearchViewController.swift; sourceTree = "<group>"; };
		FFF751B125DC828A006B1DF2 /* Base */ = {isa = PBXFileReference; lastKnownFileType = file.storyboard; name = Base; path = Base.lproj/Main.storyboard; sourceTree = "<group>"; };
		FFF751B325DC828C006B1DF2 /* Assets.xcassets */ = {isa = PBXFileReference; lastKnownFileType = folder.assetcatalog; path = Assets.xcassets; sourceTree = "<group>"; };
		FFF751B825DC828C006B1DF2 /* Info.plist */ = {isa = PBXFileReference; lastKnownFileType = text.plist.xml; path = Info.plist; sourceTree = "<group>"; };
/* End PBXFileReference section */

/* Begin PBXFrameworksBuildPhase section */
		FFF751A425DC828A006B1DF2 /* Frameworks */ = {
			isa = PBXFrameworksBuildPhase;
			buildActionMask = 2147483647;
			files = (
			);
			runOnlyForDeploymentPostprocessing = 0;
		};
/* End PBXFrameworksBuildPhase section */

/* Begin PBXGroup section */
		FFA4680125E4726000A1A0A9 /* View Controllers */ = {
			isa = PBXGroup;
			children = (
				FFA467F325E451D200A1A0A9 /* DetailViewController.swift */,
				FFF751AE25DC828A006B1DF2 /* SearchViewController.swift */,
				FFA4680725E474F700A1A0A9 /* LandscapeViewController.swift */,
			);
			path = "View Controllers";
			sourceTree = "<group>";
		};
		FFA4680225E4728600A1A0A9 /* Animation Controllers */ = {
			isa = PBXGroup;
			children = (
				FFA467FD25E46DAC00A1A0A9 /* BounceAnimationController.swift */,
				FFA467F625E4576100A1A0A9 /* DimmingPresentationController.swift */,
				FFA4680325E472EE00A1A0A9 /* SlideOutAnimationController.swift */,
				FFCAB9D025E5A3D800CE5870 /* FadeOutAnimationController.swift */,
			);
			path = "Animation Controllers";
			sourceTree = "<group>";
		};
		FFF7519E25DC828A006B1DF2 = {
			isa = PBXGroup;
			children = (
				FFF751A925DC828A006B1DF2 /* StoreSearch */,
				FFF751A825DC828A006B1DF2 /* Products */,
			);
			sourceTree = "<group>";
		};
		FFF751A825DC828A006B1DF2 /* Products */ = {
			isa = PBXGroup;
			children = (
				FFF751A725DC828A006B1DF2 /* StoreSearch.app */,
			);
			name = Products;
			sourceTree = "<group>";
		};
		FFF751A925DC828A006B1DF2 /* StoreSearch */ = {
			isa = PBXGroup;
			children = (
				FFA4680225E4728600A1A0A9 /* Animation Controllers */,
				FFA4680125E4726000A1A0A9 /* View Controllers */,
				FFF751AA25DC828A006B1DF2 /* AppDelegate.swift */,
				FFF751AC25DC828A006B1DF2 /* SceneDelegate.swift */,
				FFF751B025DC828A006B1DF2 /* Main.storyboard */,
				FFF751B325DC828C006B1DF2 /* Assets.xcassets */,
				FFF751B825DC828C006B1DF2 /* Info.plist */,
				FFA5743225DDA8FA00F557D6 /* SearchResult.swift */,
				FF04627425E71B9A00DC8749 /* SearchResultCell.xib */,
				FFA5743625DDC09200F557D6 /* SearchResultCell.swift */,
				FF04626425E717DD00DC8749 /* NothingFoundCell.xib */,
				FF04626A25E71A4D00DC8749 /* LoadingCell.xib */,
				FF0CA16625DF355800FF160A /* UIImageView+DownloadImage.swift */,
				FFA467FA25E46BF700A1A0A9 /* GradientView.swift */,
				FFCAB9D425E5C82300CE5870 /* Search.swift */,
				FF04627B25E71DCD00DC8749 /* Localizable.strings */,
				FF2DA9D225E994950033AA26 /* InfoPlist.strings */,
			);
			path = StoreSearch;
			sourceTree = "<group>";
		};
/* End PBXGroup section */

/* Begin PBXNativeTarget section */
		FFF751A625DC828A006B1DF2 /* StoreSearch */ = {
			isa = PBXNativeTarget;
			buildConfigurationList = FFF751BB25DC828C006B1DF2 /* Build configuration list for PBXNativeTarget "StoreSearch" */;
			buildPhases = (
				FFF751A325DC828A006B1DF2 /* Sources */,
				FFF751A425DC828A006B1DF2 /* Frameworks */,
				FFF751A525DC828A006B1DF2 /* Resources */,
			);
			buildRules = (
			);
			dependencies = (
			);
			name = StoreSearch;
			productName = StoreSearch;
			productReference = FFF751A725DC828A006B1DF2 /* StoreSearch.app */;
			productType = "com.apple.product-type.application";
		};
/* End PBXNativeTarget section */

/* Begin PBXProject section */
		FFF7519F25DC828A006B1DF2 /* Project object */ = {
			isa = PBXProject;
			attributes = {
				LastSwiftUpdateCheck = 1130;
				LastUpgradeCheck = 1130;
				ORGANIZATIONNAME = "Matthew Wolf";
				TargetAttributes = {
					FFF751A625DC828A006B1DF2 = {
						CreatedOnToolsVersion = 11.3.1;
					};
				};
			};
			buildConfigurationList = FFF751A225DC828A006B1DF2 /* Build configuration list for PBXProject "StoreSearch" */;
			compatibilityVersion = "Xcode 9.3";
			developmentRegion = en;
			hasScannedForEncodings = 0;
			knownRegions = (
				en,
				Base,
				nl,
			);
			mainGroup = FFF7519E25DC828A006B1DF2;
			productRefGroup = FFF751A825DC828A006B1DF2 /* Products */;
			projectDirPath = "";
			projectRoot = "";
			targets = (
				FFF751A625DC828A006B1DF2 /* StoreSearch */,
			);
		};
/* End PBXProject section */

/* Begin PBXResourcesBuildPhase section */
		FFF751A525DC828A006B1DF2 /* Resources */ = {
			isa = PBXResourcesBuildPhase;
			buildActionMask = 2147483647;
			files = (
				FFF751B425DC828C006B1DF2 /* Assets.xcassets in Resources */,
				FF2DA9D025E994950033AA26 /* InfoPlist.strings in Resources */,
				FF04627925E71DCD00DC8749 /* Localizable.strings in Resources */,
				FF04626825E71A4D00DC8749 /* LoadingCell.xib in Resources */,
				FF04627225E71B9A00DC8749 /* SearchResultCell.xib in Resources */,
				FF04626225E717DD00DC8749 /* NothingFoundCell.xib in Resources */,
				FFF751B225DC828A006B1DF2 /* Main.storyboard in Resources */,
			);
			runOnlyForDeploymentPostprocessing = 0;
		};
/* End PBXResourcesBuildPhase section */

/* Begin PBXSourcesBuildPhase section */
		FFF751A325DC828A006B1DF2 /* Sources */ = {
			isa = PBXSourcesBuildPhase;
			buildActionMask = 2147483647;
			files = (
				FFF751AF25DC828A006B1DF2 /* SearchViewController.swift in Sources */,
				FFF751AB25DC828A006B1DF2 /* AppDelegate.swift in Sources */,
				FF0CA16725DF355800FF160A /* UIImageView+DownloadImage.swift in Sources */,
				FFA467F725E4576100A1A0A9 /* DimmingPresentationController.swift in Sources */,
				FFA467FE25E46DAC00A1A0A9 /* BounceAnimationController.swift in Sources */,
				FFA5743325DDA8FA00F557D6 /* SearchResult.swift in Sources */,
				FFF751AD25DC828A006B1DF2 /* SceneDelegate.swift in Sources */,
				FFA5743725DDC09200F557D6 /* SearchResultCell.swift in Sources */,
				FFA4680425E472EE00A1A0A9 /* SlideOutAnimationController.swift in Sources */,
				FFCAB9D125E5A3D800CE5870 /* FadeOutAnimationController.swift in Sources */,
				FFA467F425E451D200A1A0A9 /* DetailViewController.swift in Sources */,
				FFA4680825E474F700A1A0A9 /* LandscapeViewController.swift in Sources */,
				FFA467FB25E46BF700A1A0A9 /* GradientView.swift in Sources */,
				FFCAB9D525E5C82400CE5870 /* Search.swift in Sources */,
			);
			runOnlyForDeploymentPostprocessing = 0;
		};
/* End PBXSourcesBuildPhase section */

/* Begin PBXVariantGroup section */
		FF04626425E717DD00DC8749 /* NothingFoundCell.xib */ = {
			isa = PBXVariantGroup;
			children = (
				FF04626325E717DD00DC8749 /* en */,
				FF04626625E7188C00DC8749 /* nl */,
			);
			name = NothingFoundCell.xib;
			sourceTree = "<group>";
		};
		FF04626A25E71A4D00DC8749 /* LoadingCell.xib */ = {
			isa = PBXVariantGroup;
			children = (
				FF04626925E71A4D00DC8749 /* Base */,
				FF04626D25E71A7A00DC8749 /* nl */,
			);
			name = LoadingCell.xib;
			sourceTree = "<group>";
		};
		FF04627425E71B9A00DC8749 /* SearchResultCell.xib */ = {
			isa = PBXVariantGroup;
			children = (
				FF04627325E71B9A00DC8749 /* Base */,
			);
			name = SearchResultCell.xib;
			sourceTree = "<group>";
		};
		FF04627B25E71DCD00DC8749 /* Localizable.strings */ = {
			isa = PBXVariantGroup;
			children = (
				FF04627A25E71DCD00DC8749 /* en */,
				FF04627D25E72B2300DC8749 /* nl */,
			);
			name = Localizable.strings;
			sourceTree = "<group>";
		};
		FF2DA9D225E994950033AA26 /* InfoPlist.strings */ = {
			isa = PBXVariantGroup;
			children = (
				FF2DA9D125E994950033AA26 /* en */,
				FF2DA9D425E994990033AA26 /* nl */,
			);
			name = InfoPlist.strings;
			sourceTree = "<group>";
		};
		FFF751B025DC828A006B1DF2 /* Main.storyboard */ = {
			isa = PBXVariantGroup;
			children = (
				FFF751B125DC828A006B1DF2 /* Base */,
				FF04627025E71AD100DC8749 /* nl */,
			);
			name = Main.storyboard;
			sourceTree = "<group>";
		};
/* End PBXVariantGroup section */

/* Begin XCBuildConfiguration section */
		FFF751B925DC828C006B1DF2 /* Debug */ = {
			isa = XCBuildConfiguration;
			buildSettings = {
				ALWAYS_SEARCH_USER_PATHS = NO;
				CLANG_ANALYZER_LOCALIZABILITY_NONLOCALIZED = YES;
				CLANG_ANALYZER_NONNULL = YES;
				CLANG_ANALYZER_NUMBER_OBJECT_CONVERSION = YES_AGGRESSIVE;
				CLANG_CXX_LANGUAGE_STANDARD = "gnu++14";
				CLANG_CXX_LIBRARY = "libc++";
				CLANG_ENABLE_MODULES = YES;
				CLANG_ENABLE_OBJC_ARC = YES;
				CLANG_ENABLE_OBJC_WEAK = YES;
				CLANG_WARN_BLOCK_CAPTURE_AUTORELEASING = YES;
				CLANG_WARN_BOOL_CONVERSION = YES;
				CLANG_WARN_COMMA = YES;
				CLANG_WARN_CONSTANT_CONVERSION = YES;
				CLANG_WARN_DEPRECATED_OBJC_IMPLEMENTATIONS = YES;
				CLANG_WARN_DIRECT_OBJC_ISA_USAGE = YES_ERROR;
				CLANG_WARN_DOCUMENTATION_COMMENTS = YES;
				CLANG_WARN_EMPTY_BODY = YES;
				CLANG_WARN_ENUM_CONVERSION = YES;
				CLANG_WARN_INFINITE_RECURSION = YES;
				CLANG_WARN_INT_CONVERSION = YES;
				CLANG_WARN_NON_LITERAL_NULL_CONVERSION = YES;
				CLANG_WARN_OBJC_IMPLICIT_RETAIN_SELF = YES;
				CLANG_WARN_OBJC_LITERAL_CONVERSION = YES;
				CLANG_WARN_OBJC_ROOT_CLASS = YES_ERROR;
				CLANG_WARN_RANGE_LOOP_ANALYSIS = YES;
				CLANG_WARN_STRICT_PROTOTYPES = YES;
				CLANG_WARN_SUSPICIOUS_MOVE = YES;
				CLANG_WARN_UNGUARDED_AVAILABILITY = YES_AGGRESSIVE;
				CLANG_WARN_UNREACHABLE_CODE = YES;
				CLANG_WARN__DUPLICATE_METHOD_MATCH = YES;
				COPY_PHASE_STRIP = NO;
				DEBUG_INFORMATION_FORMAT = dwarf;
				ENABLE_STRICT_OBJC_MSGSEND = YES;
				ENABLE_TESTABILITY = YES;
				GCC_C_LANGUAGE_STANDARD = gnu11;
				GCC_DYNAMIC_NO_PIC = NO;
				GCC_NO_COMMON_BLOCKS = YES;
				GCC_OPTIMIZATION_LEVEL = 0;
				GCC_PREPROCESSOR_DEFINITIONS = (
					"DEBUG=1",
					"$(inherited)",
				);
				GCC_WARN_64_TO_32_BIT_CONVERSION = YES;
				GCC_WARN_ABOUT_RETURN_TYPE = YES_ERROR;
				GCC_WARN_UNDECLARED_SELECTOR = YES;
				GCC_WARN_UNINITIALIZED_AUTOS = YES_AGGRESSIVE;
				GCC_WARN_UNUSED_FUNCTION = YES;
				GCC_WARN_UNUSED_VARIABLE = YES;
				IPHONEOS_DEPLOYMENT_TARGET = 13.2;
				MTL_ENABLE_DEBUG_INFO = INCLUDE_SOURCE;
				MTL_FAST_MATH = YES;
				ONLY_ACTIVE_ARCH = YES;
				SDKROOT = iphoneos;
				SWIFT_ACTIVE_COMPILATION_CONDITIONS = DEBUG;
				SWIFT_OPTIMIZATION_LEVEL = "-Onone";
			};
			name = Debug;
		};
		FFF751BA25DC828C006B1DF2 /* Release */ = {
			isa = XCBuildConfiguration;
			buildSettings = {
				ALWAYS_SEARCH_USER_PATHS = NO;
				CLANG_ANALYZER_LOCALIZABILITY_NONLOCALIZED = YES;
				CLANG_ANALYZER_NONNULL = YES;
				CLANG_ANALYZER_NUMBER_OBJECT_CONVERSION = YES_AGGRESSIVE;
				CLANG_CXX_LANGUAGE_STANDARD = "gnu++14";
				CLANG_CXX_LIBRARY = "libc++";
				CLANG_ENABLE_MODULES = YES;
				CLANG_ENABLE_OBJC_ARC = YES;
				CLANG_ENABLE_OBJC_WEAK = YES;
				CLANG_WARN_BLOCK_CAPTURE_AUTORELEASING = YES;
				CLANG_WARN_BOOL_CONVERSION = YES;
				CLANG_WARN_COMMA = YES;
				CLANG_WARN_CONSTANT_CONVERSION = YES;
				CLANG_WARN_DEPRECATED_OBJC_IMPLEMENTATIONS = YES;
				CLANG_WARN_DIRECT_OBJC_ISA_USAGE = YES_ERROR;
				CLANG_WARN_DOCUMENTATION_COMMENTS = YES;
				CLANG_WARN_EMPTY_BODY = YES;
				CLANG_WARN_ENUM_CONVERSION = YES;
				CLANG_WARN_INFINITE_RECURSION = YES;
				CLANG_WARN_INT_CONVERSION = YES;
				CLANG_WARN_NON_LITERAL_NULL_CONVERSION = YES;
				CLANG_WARN_OBJC_IMPLICIT_RETAIN_SELF = YES;
				CLANG_WARN_OBJC_LITERAL_CONVERSION = YES;
				CLANG_WARN_OBJC_ROOT_CLASS = YES_ERROR;
				CLANG_WARN_RANGE_LOOP_ANALYSIS = YES;
				CLANG_WARN_STRICT_PROTOTYPES = YES;
				CLANG_WARN_SUSPICIOUS_MOVE = YES;
				CLANG_WARN_UNGUARDED_AVAILABILITY = YES_AGGRESSIVE;
				CLANG_WARN_UNREACHABLE_CODE = YES;
				CLANG_WARN__DUPLICATE_METHOD_MATCH = YES;
				COPY_PHASE_STRIP = NO;
				DEBUG_INFORMATION_FORMAT = "dwarf-with-dsym";
				ENABLE_NS_ASSERTIONS = NO;
				ENABLE_STRICT_OBJC_MSGSEND = YES;
				GCC_C_LANGUAGE_STANDARD = gnu11;
				GCC_NO_COMMON_BLOCKS = YES;
				GCC_WARN_64_TO_32_BIT_CONVERSION = YES;
				GCC_WARN_ABOUT_RETURN_TYPE = YES_ERROR;
				GCC_WARN_UNDECLARED_SELECTOR = YES;
				GCC_WARN_UNINITIALIZED_AUTOS = YES_AGGRESSIVE;
				GCC_WARN_UNUSED_FUNCTION = YES;
				GCC_WARN_UNUSED_VARIABLE = YES;
				IPHONEOS_DEPLOYMENT_TARGET = 13.2;
				MTL_ENABLE_DEBUG_INFO = NO;
				MTL_FAST_MATH = YES;
				SDKROOT = iphoneos;
				SWIFT_COMPILATION_MODE = wholemodule;
				SWIFT_OPTIMIZATION_LEVEL = "-O";
				VALIDATE_PRODUCT = YES;
			};
			name = Release;
		};
		FFF751BC25DC828C006B1DF2 /* Debug */ = {
			isa = XCBuildConfiguration;
			buildSettings = {
				ASSETCATALOG_COMPILER_APPICON_NAME = AppIcon;
				CODE_SIGN_STYLE = Automatic;
				INFOPLIST_FILE = StoreSearch/Info.plist;
				LD_RUNPATH_SEARCH_PATHS = (
					"$(inherited)",
					"@executable_path/Frameworks",
				);
				PRODUCT_BUNDLE_IDENTIFIER = MatthewWolf.StoreSearch;
				PRODUCT_NAME = "$(TARGET_NAME)";
				SWIFT_VERSION = 5.0;
				TARGETED_DEVICE_FAMILY = "1,2";
			};
			name = Debug;
		};
		FFF751BD25DC828C006B1DF2 /* Release */ = {
			isa = XCBuildConfiguration;
			buildSettings = {
				ASSETCATALOG_COMPILER_APPICON_NAME = AppIcon;
				CODE_SIGN_STYLE = Automatic;
				INFOPLIST_FILE = StoreSearch/Info.plist;
				LD_RUNPATH_SEARCH_PATHS = (
					"$(inherited)",
					"@executable_path/Frameworks",
				);
				PRODUCT_BUNDLE_IDENTIFIER = MatthewWolf.StoreSearch;
				PRODUCT_NAME = "$(TARGET_NAME)";
				SWIFT_VERSION = 5.0;
				TARGETED_DEVICE_FAMILY = "1,2";
			};
			name = Release;
		};
/* End XCBuildConfiguration section */

/* Begin XCConfigurationList section */
		FFF751A225DC828A006B1DF2 /* Build configuration list for PBXProject "StoreSearch" */ = {
			isa = XCConfigurationList;
			buildConfigurations = (
				FFF751B925DC828C006B1DF2 /* Debug */,
				FFF751BA25DC828C006B1DF2 /* Release */,
			);
			defaultConfigurationIsVisible = 0;
			defaultConfigurationName = Release;
		};
		FFF751BB25DC828C006B1DF2 /* Build configuration list for PBXNativeTarget "StoreSearch" */ = {
			isa = XCConfigurationList;
			buildConfigurations = (
				FFF751BC25DC828C006B1DF2 /* Debug */,
				FFF751BD25DC828C006B1DF2 /* Release */,
			);
			defaultConfigurationIsVisible = 0;
			defaultConfigurationName = Release;
		};
/* End XCConfigurationList section */
	};
	rootObject = FFF7519F25DC828A006B1DF2 /* Project object */;
}
